
Microsoft Visual Studio Solution File, Format Version 12.00
# Visual Studio Version 16
VisualStudioVersion = 16.0.31424.327
MinimumVisualStudioVersion = 10.0.40219.1
Project("{FAE04EC0-301F-11D3-BF4B-00C04F79EFBC}") = "MISA.CukCuk.api", "MISA.CukCuk.api\MISA.CukCuk.api.csproj", "{6A2B8DDA-344A-4956-94E5-02823C0140BA}"
EndProject
Global
	GlobalSection(SolutionConfigurationPlatforms) = preSolution
		Debug|Any CPU = Debug|Any CPU
		Release|Any CPU = Release|Any CPU
	EndGlobalSection
	GlobalSection(ProjectConfigurationPlatforms) = postSolution
		{6A2B8DDA-344A-4956-94E5-02823C0140BA}.Debug|Any CPU.ActiveCfg = Debug|Any CPU
		{6A2B8DDA-344A-4956-94E5-02823C0140BA}.Debug|Any CPU.Build.0 = Debug|Any CPU
		{6A2B8DDA-344A-4956-94E5-02823C0140BA}.Release|Any CPU.ActiveCfg = Release|Any CPU
		{6A2B8DDA-344A-4956-94E5-02823C0140BA}.Release|Any CPU.Build.0 = Release|Any CPU
	EndGlobalSection
	GlobalSection(SolutionProperties) = preSolution
		HideSolutionNode = FALSE
	EndGlobalSection
	GlobalSection(ExtensibilityGlobals) = postSolution
		SolutionGuid = {C7A522F2-6863-42B6-B18E-B71669D5C0EE}
	EndGlobalSection
EndGlobal
